// !$*UTF8*$!
{
	archiveVersion = 1;
	classes = {
	};
	objectVersion = 51;
	objects = {

/* Begin PBXBuildFile section */
		540C6843F2E6A28CCC50A0CE /* libPods-WeatherGfit.a in Frameworks */ = {isa = PBXBuildFile; fileRef = BA25CBA6E633E150C7EA5BCE /* libPods-WeatherGfit.a */; };
		B35CD5202411B53A00CC0A88 /* APIKeys.swift in Sources */ = {isa = PBXBuildFile; fileRef = B35CD51F2411B53A00CC0A88 /* APIKeys.swift */; };
		B3E981C9240F32F3001A8678 /* AppDelegate.swift in Sources */ = {isa = PBXBuildFile; fileRef = B3E981C8240F32F3001A8678 /* AppDelegate.swift */; };
		B3E981CB240F32F3001A8678 /* SceneDelegate.swift in Sources */ = {isa = PBXBuildFile; fileRef = B3E981CA240F32F3001A8678 /* SceneDelegate.swift */; };
		B3E981CD240F32F3001A8678 /* LocationListViewController.swift in Sources */ = {isa = PBXBuildFile; fileRef = B3E981CC240F32F3001A8678 /* LocationListViewController.swift */; };
		B3E981D0240F32F3001A8678 /* Main.storyboard in Resources */ = {isa = PBXBuildFile; fileRef = B3E981CE240F32F3001A8678 /* Main.storyboard */; };
		B3E981D2240F32F6001A8678 /* Assets.xcassets in Resources */ = {isa = PBXBuildFile; fileRef = B3E981D1240F32F6001A8678 /* Assets.xcassets */; };
		B3E981D5240F32F6001A8678 /* LaunchScreen.storyboard in Resources */ = {isa = PBXBuildFile; fileRef = B3E981D3240F32F6001A8678 /* LaunchScreen.storyboard */; };
		B3E981DD240F331E001A8678 /* WeatherLocation.swift in Sources */ = {isa = PBXBuildFile; fileRef = B3E981DC240F331E001A8678 /* WeatherLocation.swift */; };
/* End PBXBuildFile section */

/* Begin PBXFileReference section */
		0A061F255BD756367EFCCD9E /* Pods-WeatherGfit.debug.xcconfig */ = {isa = PBXFileReference; includeInIndex = 1; lastKnownFileType = text.xcconfig; name = "Pods-WeatherGfit.debug.xcconfig"; path = "Target Support Files/Pods-WeatherGfit/Pods-WeatherGfit.debug.xcconfig"; sourceTree = "<group>"; };
		B35CD51F2411B53A00CC0A88 /* APIKeys.swift */ = {isa = PBXFileReference; lastKnownFileType = sourcecode.swift; path = APIKeys.swift; sourceTree = "<group>"; };
		B3E981C5240F32F3001A8678 /* WeatherGfit.app */ = {isa = PBXFileReference; explicitFileType = wrapper.application; includeInIndex = 0; path = WeatherGfit.app; sourceTree = BUILT_PRODUCTS_DIR; };
		B3E981C8240F32F3001A8678 /* AppDelegate.swift */ = {isa = PBXFileReference; lastKnownFileType = sourcecode.swift; path = AppDelegate.swift; sourceTree = "<group>"; };
		B3E981CA240F32F3001A8678 /* SceneDelegate.swift */ = {isa = PBXFileReference; lastKnownFileType = sourcecode.swift; path = SceneDelegate.swift; sourceTree = "<group>"; };
		B3E981CC240F32F3001A8678 /* LocationListViewController.swift */ = {isa = PBXFileReference; lastKnownFileType = sourcecode.swift; path = LocationListViewController.swift; sourceTree = "<group>"; };
		B3E981CF240F32F3001A8678 /* Base */ = {isa = PBXFileReference; lastKnownFileType = file.storyboard; name = Base; path = Base.lproj/Main.storyboard; sourceTree = "<group>"; };
		B3E981D1240F32F6001A8678 /* Assets.xcassets */ = {isa = PBXFileReference; lastKnownFileType = folder.assetcatalog; path = Assets.xcassets; sourceTree = "<group>"; };
		B3E981D4240F32F6001A8678 /* Base */ = {isa = PBXFileReference; lastKnownFileType = file.storyboard; name = Base; path = Base.lproj/LaunchScreen.storyboard; sourceTree = "<group>"; };
		B3E981D6240F32F6001A8678 /* Info.plist */ = {isa = PBXFileReference; lastKnownFileType = text.plist.xml; path = Info.plist; sourceTree = "<group>"; };
		B3E981DC240F331E001A8678 /* WeatherLocation.swift */ = {isa = PBXFileReference; lastKnownFileType = sourcecode.swift; path = WeatherLocation.swift; sourceTree = "<group>"; };
		BA25CBA6E633E150C7EA5BCE /* libPods-WeatherGfit.a */ = {isa = PBXFileReference; explicitFileType = archive.ar; includeInIndex = 0; path = "libPods-WeatherGfit.a"; sourceTree = BUILT_PRODUCTS_DIR; };
		DEEAF37531084DE0E200B61A /* Pods-WeatherGfit.release.xcconfig */ = {isa = PBXFileReference; includeInIndex = 1; lastKnownFileType = text.xcconfig; name = "Pods-WeatherGfit.release.xcconfig"; path = "Target Support Files/Pods-WeatherGfit/Pods-WeatherGfit.release.xcconfig"; sourceTree = "<group>"; };
/* End PBXFileReference section */

/* Begin PBXFrameworksBuildPhase section */
		B3E981C2240F32F3001A8678 /* Frameworks */ = {
			isa = PBXFrameworksBuildPhase;
			buildActionMask = 2147483647;
			files = (
				540C6843F2E6A28CCC50A0CE /* libPods-WeatherGfit.a in Frameworks */,
			);
			runOnlyForDeploymentPostprocessing = 0;
		};
/* End PBXFrameworksBuildPhase section */

/* Begin PBXGroup section */
		4864D6854183CB7549D021A2 /* Frameworks */ = {
			isa = PBXGroup;
			children = (
				BA25CBA6E633E150C7EA5BCE /* libPods-WeatherGfit.a */,
			);
			name = Frameworks;
			sourceTree = "<group>";
		};
		A26F36629653CFE8B96E1A8D /* Pods */ = {
			isa = PBXGroup;
			children = (
				0A061F255BD756367EFCCD9E /* Pods-WeatherGfit.debug.xcconfig */,
				DEEAF37531084DE0E200B61A /* Pods-WeatherGfit.release.xcconfig */,
			);
			path = Pods;
			sourceTree = "<group>";
		};
		B3E981BC240F32F2001A8678 = {
			isa = PBXGroup;
			children = (
				B3E981C7240F32F3001A8678 /* WeatherGfit */,
				B3E981C6240F32F3001A8678 /* Products */,
				A26F36629653CFE8B96E1A8D /* Pods */,
				4864D6854183CB7549D021A2 /* Frameworks */,
			);
			sourceTree = "<group>";
		};
		B3E981C6240F32F3001A8678 /* Products */ = {
			isa = PBXGroup;
			children = (
				B3E981C5240F32F3001A8678 /* WeatherGfit.app */,
			);
			name = Products;
			sourceTree = "<group>";
		};
		B3E981C7240F32F3001A8678 /* WeatherGfit */ = {
			isa = PBXGroup;
			children = (
				B3E981C8240F32F3001A8678 /* AppDelegate.swift */,
				B3E981CA240F32F3001A8678 /* SceneDelegate.swift */,
				B3E981DC240F331E001A8678 /* WeatherLocation.swift */,
				B3E981CC240F32F3001A8678 /* LocationListViewController.swift */,
				B3E981CE240F32F3001A8678 /* Main.storyboard */,
				B3E981D1240F32F6001A8678 /* Assets.xcassets */,
				B3E981D3240F32F6001A8678 /* LaunchScreen.storyboard */,
				B3E981D6240F32F6001A8678 /* Info.plist */,
				B35CD51F2411B53A00CC0A88 /* APIKeys.swift */,
			);
			path = WeatherGfit;
			sourceTree = "<group>";
		};
/* End PBXGroup section */

/* Begin PBXNativeTarget section */
		B3E981C4240F32F3001A8678 /* WeatherGfit */ = {
			isa = PBXNativeTarget;
			buildConfigurationList = B3E981D9240F32F6001A8678 /* Build configuration list for PBXNativeTarget "WeatherGfit" */;
			buildPhases = (
				8A45053B2B6BE7C4A1B26D86 /* [CP] Check Pods Manifest.lock */,
				B3E981C1240F32F3001A8678 /* Sources */,
				B3E981C2240F32F3001A8678 /* Frameworks */,
				B3E981C3240F32F3001A8678 /* Resources */,
				E6B1059A723A0CE7D80A4550 /* [CP] Copy Pods Resources */,
			);
			buildRules = (
			);
			dependencies = (
			);
			name = WeatherGfit;
			productName = WeatherGfit;
			productReference = B3E981C5240F32F3001A8678 /* WeatherGfit.app */;
			productType = "com.apple.product-type.application";
		};
/* End PBXNativeTarget section */

/* Begin PBXProject section */
		B3E981BD240F32F2001A8678 /* Project object */ = {
			isa = PBXProject;
			attributes = {
				LastSwiftUpdateCheck = 1130;
				LastUpgradeCheck = 1130;
				ORGANIZATIONNAME = "Kelvin Cheng";
				TargetAttributes = {
					B3E981C4240F32F3001A8678 = {
						CreatedOnToolsVersion = 11.3.1;
					};
				};
			};
			buildConfigurationList = B3E981C0240F32F2001A8678 /* Build configuration list for PBXProject "WeatherGfit" */;
			compatibilityVersion = "Xcode 9.3";
			developmentRegion = en;
			hasScannedForEncodings = 0;
			knownRegions = (
				en,
				Base,
			);
			mainGroup = B3E981BC240F32F2001A8678;
			productRefGroup = B3E981C6240F32F3001A8678 /* Products */;
			projectDirPath = "";
			projectRoot = "";
			targets = (
				B3E981C4240F32F3001A8678 /* WeatherGfit */,
			);
		};
/* End PBXProject section */

/* Begin PBXResourcesBuildPhase section */
		B3E981C3240F32F3001A8678 /* Resources */ = {
			isa = PBXResourcesBuildPhase;
			buildActionMask = 2147483647;
			files = (
				B3E981D5240F32F6001A8678 /* LaunchScreen.storyboard in Resources */,
				B3E981D2240F32F6001A8678 /* Assets.xcassets in Resources */,
				B3E981D0240F32F3001A8678 /* Main.storyboard in Resources */,
			);
			runOnlyForDeploymentPostprocessing = 0;
		};
/* End PBXResourcesBuildPhase section */

/* Begin PBXShellScriptBuildPhase section */
		8A45053B2B6BE7C4A1B26D86 /* [CP] Check Pods Manifest.lock */ = {
			isa = PBXShellScriptBuildPhase;
			buildActionMask = 2147483647;
			files = (
			);
			inputFileListPaths = (
			);
			inputPaths = (
				"${PODS_PODFILE_DIR_PATH}/Podfile.lock",
				"${PODS_ROOT}/Manifest.lock",
			);
			name = "[CP] Check Pods Manifest.lock";
			outputFileListPaths = (
			);
			outputPaths = (
				"$(DERIVED_FILE_DIR)/Pods-WeatherGfit-checkManifestLockResult.txt",
			);
			runOnlyForDeploymentPostprocessing = 0;
			shellPath = /bin/sh;
			shellScript = "diff \"${PODS_PODFILE_DIR_PATH}/Podfile.lock\" \"${PODS_ROOT}/Manifest.lock\" > /dev/null\nif [ $? != 0 ] ; then\n    # print error to STDERR\n    echo \"error: The sandbox is not in sync with the Podfile.lock. Run 'pod install' or update your CocoaPods installation.\" >&2\n    exit 1\nfi\n# This output is used by Xcode 'outputs' to avoid re-running this script phase.\necho \"SUCCESS\" > \"${SCRIPT_OUTPUT_FILE_0}\"\n";
			showEnvVarsInLog = 0;
		};
		E6B1059A723A0CE7D80A4550 /* [CP] Copy Pods Resources */ = {
			isa = PBXShellScriptBuildPhase;
			buildActionMask = 2147483647;
			files = (
			);
			inputFileListPaths = (
				"${PODS_ROOT}/Target Support Files/Pods-WeatherGfit/Pods-WeatherGfit-resources-${CONFIGURATION}-input-files.xcfilelist",
			);
			name = "[CP] Copy Pods Resources";
			outputFileListPaths = (
				"${PODS_ROOT}/Target Support Files/Pods-WeatherGfit/Pods-WeatherGfit-resources-${CONFIGURATION}-output-files.xcfilelist",
			);
			runOnlyForDeploymentPostprocessing = 0;
			shellPath = /bin/sh;
			shellScript = "\"${PODS_ROOT}/Target Support Files/Pods-WeatherGfit/Pods-WeatherGfit-resources.sh\"\n";
			showEnvVarsInLog = 0;
		};
/* End PBXShellScriptBuildPhase section */

/* Begin PBXSourcesBuildPhase section */
		B3E981C1240F32F3001A8678 /* Sources */ = {
			isa = PBXSourcesBuildPhase;
			buildActionMask = 2147483647;
			files = (
				B3E981CD240F32F3001A8678 /* LocationListViewController.swift in Sources */,
				B35CD5202411B53A00CC0A88 /* APIKeys.swift in Sources */,
				B3E981DD240F331E001A8678 /* WeatherLocation.swift in Sources */,
				B3E981C9240F32F3001A8678 /* AppDelegate.swift in Sources */,
				B3E981CB240F32F3001A8678 /* SceneDelegate.swift in Sources */,
			);
			runOnlyForDeploymentPostprocessing = 0;
		};
/* End PBXSourcesBuildPhase section */

/* Begin PBXVariantGroup section */
		B3E981CE240F32F3001A8678 /* Main.storyboard */ = {
			isa = PBXVariantGroup;
			children = (
				B3E981CF240F32F3001A8678 /* Base */,
			);
			name = Main.storyboard;
			sourceTree = "<group>";
		};
		B3E981D3240F32F6001A8678 /* LaunchScreen.storyboard */ = {
			isa = PBXVariantGroup;
			children = (
				B3E981D4240F32F6001A8678 /* Base */,
			);
			name = LaunchScreen.storyboard;
			sourceTree = "<group>";
		};
/* End PBXVariantGroup section */

/* Begin XCBuildConfiguration section */
		B3E981D7240F32F6001A8678 /* Debug */ = {
			isa = XCBuildConfiguration;
			buildSettings = {
				ALWAYS_SEARCH_USER_PATHS = NO;
				CLANG_ANALYZER_NONNULL = YES;
				CLANG_ANALYZER_NUMBER_OBJECT_CONVERSION = YES_AGGRESSIVE;
				CLANG_CXX_LANGUAGE_STANDARD = "gnu++14";
				CLANG_CXX_LIBRARY = "libc++";
				CLANG_ENABLE_MODULES = YES;
				CLANG_ENABLE_OBJC_ARC = YES;
				CLANG_ENABLE_OBJC_WEAK = YES;
				CLANG_WARN_BLOCK_CAPTURE_AUTORELEASING = YES;
				CLANG_WARN_BOOL_CONVERSION = YES;
				CLANG_WARN_COMMA = YES;
				CLANG_WARN_CONSTANT_CONVERSION = YES;
				CLANG_WARN_DEPRECATED_OBJC_IMPLEMENTATIONS = YES;
				CLANG_WARN_DIRECT_OBJC_ISA_USAGE = YES_ERROR;
				CLANG_WARN_DOCUMENTATION_COMMENTS = YES;
				CLANG_WARN_EMPTY_BODY = YES;
				CLANG_WARN_ENUM_CONVERSION = YES;
				CLANG_WARN_INFINITE_RECURSION = YES;
				CLANG_WARN_INT_CONVERSION = YES;
				CLANG_WARN_NON_LITERAL_NULL_CONVERSION = YES;
				CLANG_WARN_OBJC_IMPLICIT_RETAIN_SELF = YES;
				CLANG_WARN_OBJC_LITERAL_CONVERSION = YES;
				CLANG_WARN_OBJC_ROOT_CLASS = YES_ERROR;
				CLANG_WARN_RANGE_LOOP_ANALYSIS = YES;
				CLANG_WARN_STRICT_PROTOTYPES = YES;
				CLANG_WARN_SUSPICIOUS_MOVE = YES;
				CLANG_WARN_UNGUARDED_AVAILABILITY = YES_AGGRESSIVE;
				CLANG_WARN_UNREACHABLE_CODE = YES;
				CLANG_WARN__DUPLICATE_METHOD_MATCH = YES;
				COPY_PHASE_STRIP = NO;
				DEBUG_INFORMATION_FORMAT = dwarf;
				ENABLE_STRICT_OBJC_MSGSEND = YES;
				ENABLE_TESTABILITY = YES;
				GCC_C_LANGUAGE_STANDARD = gnu11;
				GCC_DYNAMIC_NO_PIC = NO;
				GCC_NO_COMMON_BLOCKS = YES;
				GCC_OPTIMIZATION_LEVEL = 0;
				GCC_PREPROCESSOR_DEFINITIONS = (
					"DEBUG=1",
					"$(inherited)",
				);
				GCC_WARN_64_TO_32_BIT_CONVERSION = YES;
				GCC_WARN_ABOUT_RETURN_TYPE = YES_ERROR;
				GCC_WARN_UNDECLARED_SELECTOR = YES;
				GCC_WARN_UNINITIALIZED_AUTOS = YES_AGGRESSIVE;
				GCC_WARN_UNUSED_FUNCTION = YES;
				GCC_WARN_UNUSED_VARIABLE = YES;
				IPHONEOS_DEPLOYMENT_TARGET = 13.2;
				MTL_ENABLE_DEBUG_INFO = INCLUDE_SOURCE;
				MTL_FAST_MATH = YES;
				ONLY_ACTIVE_ARCH = YES;
				SDKROOT = iphoneos;
				SWIFT_ACTIVE_COMPILATION_CONDITIONS = DEBUG;
				SWIFT_OPTIMIZATION_LEVEL = "-Onone";
			};
			name = Debug;
		};
		B3E981D8240F32F6001A8678 /* Release */ = {
			isa = XCBuildConfiguration;
			buildSettings = {
				ALWAYS_SEARCH_USER_PATHS = NO;
				CLANG_ANALYZER_NONNULL = YES;
				CLANG_ANALYZER_NUMBER_OBJECT_CONVERSION = YES_AGGRESSIVE;
				CLANG_CXX_LANGUAGE_STANDARD = "gnu++14";
				CLANG_CXX_LIBRARY = "libc++";
				CLANG_ENABLE_MODULES = YES;
				CLANG_ENABLE_OBJC_ARC = YES;
				CLANG_ENABLE_OBJC_WEAK = YES;
				CLANG_WARN_BLOCK_CAPTURE_AUTORELEASING = YES;
				CLANG_WARN_BOOL_CONVERSION = YES;
				CLANG_WARN_COMMA = YES;
				CLANG_WARN_CONSTANT_CONVERSION = YES;
				CLANG_WARN_DEPRECATED_OBJC_IMPLEMENTATIONS = YES;
				CLANG_WARN_DIRECT_OBJC_ISA_USAGE = YES_ERROR;
				CLANG_WARN_DOCUMENTATION_COMMENTS = YES;
				CLANG_WARN_EMPTY_BODY = YES;
				CLANG_WARN_ENUM_CONVERSION = YES;
				CLANG_WARN_INFINITE_RECURSION = YES;
				CLANG_WARN_INT_CONVERSION = YES;
				CLANG_WARN_NON_LITERAL_NULL_CONVERSION = YES;
				CLANG_WARN_OBJC_IMPLICIT_RETAIN_SELF = YES;
				CLANG_WARN_OBJC_LITERAL_CONVERSION = YES;
				CLANG_WARN_OBJC_ROOT_CLASS = YES_ERROR;
				CLANG_WARN_RANGE_LOOP_ANALYSIS = YES;
				CLANG_WARN_STRICT_PROTOTYPES = YES;
				CLANG_WARN_SUSPICIOUS_MOVE = YES;
				CLANG_WARN_UNGUARDED_AVAILABILITY = YES_AGGRESSIVE;
				CLANG_WARN_UNREACHABLE_CODE = YES;
				CLANG_WARN__DUPLICATE_METHOD_MATCH = YES;
				COPY_PHASE_STRIP = NO;
				DEBUG_INFORMATION_FORMAT = "dwarf-with-dsym";
				ENABLE_NS_ASSERTIONS = NO;
				ENABLE_STRICT_OBJC_MSGSEND = YES;
				GCC_C_LANGUAGE_STANDARD = gnu11;
				GCC_NO_COMMON_BLOCKS = YES;
				GCC_WARN_64_TO_32_BIT_CONVERSION = YES;
				GCC_WARN_ABOUT_RETURN_TYPE = YES_ERROR;
				GCC_WARN_UNDECLARED_SELECTOR = YES;
				GCC_WARN_UNINITIALIZED_AUTOS = YES_AGGRESSIVE;
				GCC_WARN_UNUSED_FUNCTION = YES;
				GCC_WARN_UNUSED_VARIABLE = YES;
				IPHONEOS_DEPLOYMENT_TARGET = 13.2;
				MTL_ENABLE_DEBUG_INFO = NO;
				MTL_FAST_MATH = YES;
				SDKROOT = iphoneos;
				SWIFT_COMPILATION_MODE = wholemodule;
				SWIFT_OPTIMIZATION_LEVEL = "-O";
				VALIDATE_PRODUCT = YES;
			};
			name = Release;
		};
		B3E981DA240F32F6001A8678 /* Debug */ = {
			isa = XCBuildConfiguration;
			baseConfigurationReference = 0A061F255BD756367EFCCD9E /* Pods-WeatherGfit.debug.xcconfig */;
			buildSettings = {
				ASSETCATALOG_COMPILER_APPICON_NAME = AppIcon;
				CODE_SIGN_STYLE = Automatic;
				INFOPLIST_FILE = WeatherGfit/Info.plist;
				LD_RUNPATH_SEARCH_PATHS = (
					"$(inherited)",
					"@executable_path/Frameworks",
				);
				PRODUCT_BUNDLE_IDENTIFIER = com.kelvincheng.WeatherGfit;
				PRODUCT_NAME = "$(TARGET_NAME)";
				SWIFT_VERSION = 5.0;
				TARGETED_DEVICE_FAMILY = "1,2";
			};
			name = Debug;
		};
		B3E981DB240F32F6001A8678 /* Release */ = {
			isa = XCBuildConfiguration;
			baseConfigurationReference = DEEAF37531084DE0E200B61A /* Pods-WeatherGfit.release.xcconfig */;
			buildSettings = {
				ASSETCATALOG_COMPILER_APPICON_NAME = AppIcon;
				CODE_SIGN_STYLE = Automatic;
				INFOPLIST_FILE = WeatherGfit/Info.plist;
				LD_RUNPATH_SEARCH_PATHS = (
					"$(inherited)",
					"@executable_path/Frameworks",
				);
				PRODUCT_BUNDLE_IDENTIFIER = com.kelvincheng.WeatherGfit;
				PRODUCT_NAME = "$(TARGET_NAME)";
				SWIFT_VERSION = 5.0;
				TARGETED_DEVICE_FAMILY = "1,2";
			};
			name = Release;
		};
/* End XCBuildConfiguration section */

/* Begin XCConfigurationList section */
		B3E981C0240F32F2001A8678 /* Build configuration list for PBXProject "WeatherGfit" */ = {
			isa = XCConfigurationList;
			buildConfigurations = (
				B3E981D7240F32F6001A8678 /* Debug */,
				B3E981D8240F32F6001A8678 /* Release */,
			);
			defaultConfigurationIsVisible = 0;
			defaultConfigurationName = Release;
		};
		B3E981D9240F32F6001A8678 /* Build configuration list for PBXNativeTarget "WeatherGfit" */ = {
			isa = XCConfigurationList;
			buildConfigurations = (
				B3E981DA240F32F6001A8678 /* Debug */,
				B3E981DB240F32F6001A8678 /* Release */,
			);
			defaultConfigurationIsVisible = 0;
			defaultConfigurationName = Release;
		};
/* End XCConfigurationList section */
	};
	rootObject = B3E981BD240F32F2001A8678 /* Project object */;
}
